
Microsoft Visual Studio Solution File, Format Version 12.00
# Visual Studio Version 17
VisualStudioVersion = 17.0.31903.59
MinimumVisualStudioVersion = 10.0.40219.1
Project("{FAE04EC0-301F-11D3-BF4B-00C04F79EFBC}") = "lib", "lib\lib.csproj", "{B9398AF8-2C80-42F5-AD49-CC160890405D}"
EndProject
Project("{FAE04EC0-301F-11D3-BF4B-00C04F79EFBC}") = "lib.tests", "lib.tests\lib.tests.csproj", "{9521A90F-3D64-4064-8012-07B9FEBBAA75}"
EndProject
Global
	GlobalSection(SolutionConfigurationPlatforms) = preSolution
		Debug|Any CPU = Debug|Any CPU
		Release|Any CPU = Release|Any CPU
	EndGlobalSection
	GlobalSection(ProjectConfigurationPlatforms) = postSolution
		{B9398AF8-2C80-42F5-AD49-CC160890405D}.Debug|Any CPU.ActiveCfg = Debug|Any CPU
		{B9398AF8-2C80-42F5-AD49-CC160890405D}.Debug|Any CPU.Build.0 = Debug|Any CPU
		{B9398AF8-2C80-42F5-AD49-CC160890405D}.Release|Any CPU.ActiveCfg = Release|Any CPU
		{B9398AF8-2C80-42F5-AD49-CC160890405D}.Release|Any CPU.Build.0 = Release|Any CPU
		{9521A90F-3D64-4064-8012-07B9FEBBAA75}.Debug|Any CPU.ActiveCfg = Debug|Any CPU
		{9521A90F-3D64-4064-8012-07B9FEBBAA75}.Debug|Any CPU.Build.0 = Debug|Any CPU
		{9521A90F-3D64-4064-8012-07B9FEBBAA75}.Release|Any CPU.ActiveCfg = Release|Any CPU
		{9521A90F-3D64-4064-8012-07B9FEBBAA75}.Release|Any CPU.Build.0 = Release|Any CPU
	EndGlobalSection
	GlobalSection(SolutionProperties) = preSolution
		HideSolutionNode = FALSE
	EndGlobalSection
	GlobalSection(ExtensibilityGlobals) = postSolution
		SolutionGuid = {F723271A-9DFF-4294-A3DE-568419C14605}
	EndGlobalSection
EndGlobal
